
Microsoft Visual Studio Solution File, Format Version 12.00
# Visual Studio Version 17
VisualStudioVersion = 17.4.33122.133
MinimumVisualStudioVersion = 10.0.40219.1
Project("{FAE04EC0-301F-11D3-BF4B-00C04F79EFBC}") = "SQLtextonliecanuse", "SQLtextonliecanuse\SQLtextonliecanuse.csproj", "{71BACD77-4DA1-482E-99E6-FBE4E5F3BCF3}"
EndProject
Global
	GlobalSection(SolutionConfigurationPlatforms) = preSolution
		Debug|Any CPU = Debug|Any CPU
		Release|Any CPU = Release|Any CPU
	EndGlobalSection
	GlobalSection(ProjectConfigurationPlatforms) = postSolution
		{71BACD77-4DA1-482E-99E6-FBE4E5F3BCF3}.Debug|Any CPU.ActiveCfg = Debug|Any CPU
		{71BACD77-4DA1-482E-99E6-FBE4E5F3BCF3}.Debug|Any CPU.Build.0 = Debug|Any CPU
		{71BACD77-4DA1-482E-99E6-FBE4E5F3BCF3}.Release|Any CPU.ActiveCfg = Release|Any CPU
		{71BACD77-4DA1-482E-99E6-FBE4E5F3BCF3}.Release|Any CPU.Build.0 = Release|Any CPU
	EndGlobalSection
	GlobalSection(SolutionProperties) = preSolution
		HideSolutionNode = FALSE
	EndGlobalSection
	GlobalSection(ExtensibilityGlobals) = postSolution
		SolutionGuid = {B75F63B7-E21B-4779-9071-76CED3AB1B89}
	EndGlobalSection
EndGlobal
